
Microsoft Visual Studio Solution File, Format Version 12.00
# Visual Studio Version 17
VisualStudioVersion = 17.1.32421.90
MinimumVisualStudioVersion = 10.0.40219.1
Project("{FAE04EC0-301F-11D3-BF4B-00C04F79EFBC}") = "meritis-challenge", "meritis-challenge.csproj", "{3C96BFDE-B421-468F-8E52-43D1C5168DBF}"
EndProject
Global
	GlobalSection(SolutionConfigurationPlatforms) = preSolution
		Debug|Any CPU = Debug|Any CPU
		Release|Any CPU = Release|Any CPU
	EndGlobalSection
	GlobalSection(ProjectConfigurationPlatforms) = postSolution
		{3C96BFDE-B421-468F-8E52-43D1C5168DBF}.Debug|Any CPU.ActiveCfg = Debug|Any CPU
		{3C96BFDE-B421-468F-8E52-43D1C5168DBF}.Debug|Any CPU.Build.0 = Debug|Any CPU
		{3C96BFDE-B421-468F-8E52-43D1C5168DBF}.Release|Any CPU.ActiveCfg = Release|Any CPU
		{3C96BFDE-B421-468F-8E52-43D1C5168DBF}.Release|Any CPU.Build.0 = Release|Any CPU
	EndGlobalSection
	GlobalSection(SolutionProperties) = preSolution
		HideSolutionNode = FALSE
	EndGlobalSection
	GlobalSection(ExtensibilityGlobals) = postSolution
		SolutionGuid = {0D47F53B-4D11-4F39-AAC7-17FA22B51FD2}
	EndGlobalSection
EndGlobal
